
Microsoft Visual Studio Solution File, Format Version 12.00
# Visual Studio Version 17
VisualStudioVersion = 17.9.34622.214
MinimumVisualStudioVersion = 10.0.40219.1
Project("{FAE04EC0-301F-11D3-BF4B-00C04F79EFBC}") = "SistemaDeAgendamentos", "SistemaDeAgendamentos\SistemaDeAgendamentos.csproj", "{C866587C-C0C4-4638-B94C-2150B3E59AD6}"
EndProject
Global
	GlobalSection(SolutionConfigurationPlatforms) = preSolution
		Debug|Any CPU = Debug|Any CPU
		Release|Any CPU = Release|Any CPU
	EndGlobalSection
	GlobalSection(ProjectConfigurationPlatforms) = postSolution
		{C866587C-C0C4-4638-B94C-2150B3E59AD6}.Debug|Any CPU.ActiveCfg = Debug|Any CPU
		{C866587C-C0C4-4638-B94C-2150B3E59AD6}.Debug|Any CPU.Build.0 = Debug|Any CPU
		{C866587C-C0C4-4638-B94C-2150B3E59AD6}.Release|Any CPU.ActiveCfg = Release|Any CPU
		{C866587C-C0C4-4638-B94C-2150B3E59AD6}.Release|Any CPU.Build.0 = Release|Any CPU
	EndGlobalSection
	GlobalSection(SolutionProperties) = preSolution
		HideSolutionNode = FALSE
	EndGlobalSection
	GlobalSection(ExtensibilityGlobals) = postSolution
		SolutionGuid = {E7C472EB-4065-429C-BB41-161C41684B48}
	EndGlobalSection
EndGlobal
